# THIS IS AN AUTOGENERATED FILE. DO NOT EDIT THIS FILE DIRECTLY.
# yarn lockfile v1


expo-asset@2.0.1-alpha.2:
  version "2.0.1-alpha.2"
  resolved "https://registry.yarnpkg.com/expo-asset/-/expo-asset-2.0.1-alpha.2.tgz#2feb61df650da7d6aaa1057eea2afdeff114ef87"
  integrity sha512-DI4ASzoAKvZ0h4Ed2mGV6fvp6yChzlDL9bGHHtmXtI1bwPbuuVKUm3Ae/YUaLo/yCGuzg9RvXx9014VQdwDdTg==
  dependencies:
    path-browserify "^1.0.0"
    url-parse "^1.4.4"

expo-barcode-scanner-interface@~2.0.0:
  version "2.0.0"
  resolved "https://registry.yarnpkg.com/expo-barcode-scanner-interface/-/expo-barcode-scanner-interface-2.0.0.tgz#3d5c7855511a783628baf9fd827f94770854ca12"
  integrity sha512-rfCLqL06zVcyT5usKBQqDA0ilIEYv5zi91lUJ6s2/Llvx/OHuiPY4w1ol5HJPRJQvaBHop3lXqnb7dUuEMTsIA==

expo-camera-interface@~2.0.0:
  version "2.0.0"
  resolved "https://registry.yarnpkg.com/expo-camera-interface/-/expo-camera-interface-2.0.0.tgz#d6de1aa6bd9626146a174911949fa801abb5de7e"
  integrity sha512-6CLexDa/RhrJ74dzNKyg7aHcNG11FH/F83sD+wIbhoE7fm3FGEbSXxOKccWmVAUApMyn3Sdev4MLjnKUX0opBQ==
  dependencies:
    expo-core "~2.0.0"

expo-constants-interface@~2.0.0:
  version "2.0.0"
  resolved "https://registry.yarnpkg.com/expo-constants-interface/-/expo-constants-interface-2.0.0.tgz#9cccb024d8e1b6a8fa765882456ba89afb57d03b"
  integrity sha512-H5qXLl1Ew+Aemo127B9zvdtutYCZRwYnb1wRY2gKvECuyHTfRylld7fA6otebNf1NwqCQ5bowTZtls4SKWxTiQ==
  dependencies:
    expo-core "~2.0.0"

expo-constants@2.0.1:
  version "2.0.1"
  resolved "https://registry.yarnpkg.com/expo-constants/-/expo-constants-2.0.1.tgz#f3090e206da7c580c8dbb16178f918a8110644c2"
  integrity sha512-OIT1afOYYSpDxnnTp5jNXNB2nfnbmykLT+fLaKTu60VdtrO0sr20eB30YwuALU7n/xSYM/xKPsP8jDCzq40YLw==
  dependencies:
    ua-parser-js "^0.7.19"
    uuid "^3.3.2"

expo-core@2.0.0, expo-core@~2.0.0:
  version "2.0.0"
  resolved "https://registry.yarnpkg.com/expo-core/-/expo-core-2.0.0.tgz#374e297add4386296b9cdc429ceeaa5797212a24"
  integrity sha512-mGvAzqJyN/RCIX34dCOnPYu4KqTNaoKGbwjssWUKIlquNeQAuT7q09h3D52xK4eo0zeCV8tg8jipYJEzgzFDHQ==

expo-errors@^1.0.0:
  version "1.0.0"
  resolved "https://registry.yarnpkg.com/expo-errors/-/expo-errors-1.0.0.tgz#0e212e6e10eb7e8c01eb59d79560ed2cdaaadd95"
  integrity sha512-4CL/75aigg+pYwgR+7SUJwYgX2oa7ZGAwK1aYKnyUnwQOa9jmjJJoT9KPHO8SbDHz+mEwjD5TE8ZXfOWlMl+kw==
  dependencies:
    expo-core "~2.0.0"

expo-face-detector-interface@~2.0.0:
  version "2.0.0"
  resolved "https://registry.yarnpkg.com/expo-face-detector-interface/-/expo-face-detector-interface-2.0.0.tgz#ed93427ab1dc312444a9ef997753c26d57b53133"
  integrity sha512-BXBxTMFy2YFANWxxgXmrie2R68ATv2KJJ9iaVYCNSoAXplAsHF+Kc2hkVBLE/xAU2+QFzVq9N21CVOIfKsWN4A==
  dependencies:
    expo-core "~2.0.0"

expo-file-system-interface@~2.0.0:
  version "2.0.0"
  resolved "https://registry.yarnpkg.com/expo-file-system-interface/-/expo-file-system-interface-2.0.0.tgz#610cb7ec797a65199fe5d04ba5d515aba95a3fb9"
  integrity sha512-lhNjfPyNspQIJOqDM/Z8lpFICc0QF/Ah1DtYCDeQSng/zgAaLlRyDN3vSb/a5NrluSDfRlU2oF2sbrxIsOzzbg==
  dependencies:
    expo-core "~2.0.0"

expo-file-system@2.0.1-alpha.2:
  version "2.0.1-alpha.2"
  resolved "https://registry.yarnpkg.com/expo-file-system/-/expo-file-system-2.0.1-alpha.2.tgz#73e111b4b4a4c4020082602e6700795a4ee15727"
  integrity sha512-eP7n0vsDVgXMFWNQN8Tmb47wlui0LLkSQeCIS63qjU8oG9JLMROgC5XhoBi2sVxiJvIkf+IVD5VdP57xB5YNZQ==
  dependencies:
    uuid-js "^0.7.5"

expo-font-interface@~2.0.0:
  version "2.0.0"
  resolved "https://registry.yarnpkg.com/expo-font-interface/-/expo-font-interface-2.0.0.tgz#183d033029e41c2f92c1117425d1381dbb0dd452"
  integrity sha512-5tEGjUwOLd5h6vTR3xfNc6jXTRKzLVnGpIjns+L2aArIIktmlZU3Y/gzueY8AkB6J6SB5DYSLlybp5kQrUOImw==
  dependencies:
    expo-core "~2.0.0"

expo-image-loader-interface@~2.0.0:
  version "2.0.0"
  resolved "https://registry.yarnpkg.com/expo-image-loader-interface/-/expo-image-loader-interface-2.0.0.tgz#3934f01c4ccdea40d4248110b7da234741abf9c8"
  integrity sha512-aOHa37N/8gEyzDGO5df6PST8uce1L94OxNTfD5JtWVH3tWmkaN760S33T9ecWmydcUv9zFCOcCC4gZTwEWUJiQ==
  dependencies:
    expo-core "~2.0.0"

expo-permissions-interface@~2.0.0:
  version "2.0.0"
  resolved "https://registry.yarnpkg.com/expo-permissions-interface/-/expo-permissions-interface-2.0.0.tgz#563fd815925fd472a1b04f292afc9bef77f14774"
  integrity sha512-hk9oR6CtV2MLONdtPkKvOfpfmbJ48BDbYjvW/Na31znVvUAPHs7owckqSgh5BVoIAz8tMgp7fptaifEhPOayvg==
  dependencies:
    expo-core "~2.0.0"

expo-permissions@~2.0.0:
  version "2.0.0"
  resolved "https://registry.yarnpkg.com/expo-permissions/-/expo-permissions-2.0.0.tgz#31421819a2e6ee44ed9161387a7bf4259c73426f"
  integrity sha512-0niegCTjcNdLk/715VqG5ibnT45eRGRebgdjTk/HtFOLjFtMs2mQKpneF3BbwVAK88bCbAiwtSBNt21/C+6z7A==
  dependencies:
    expo-core "~2.0.0"
    expo-permissions-interface "~2.0.0"

expo-react-native-adapter@2.0.0:
  version "2.0.0"
  resolved "https://registry.yarnpkg.com/expo-react-native-adapter/-/expo-react-native-adapter-2.0.0.tgz#0a8f74e7f79116b2f28eec79deab236c2ee0611f"
  integrity sha512-pRlmqqb9mPr1abgzEGnzeEWa7VI8WWqMWRnU/ySJTcOWRyX63oUobTKX/Bw1HuwGyB6+rVRqEF+IObOeo8va4w==
  dependencies:
    expo-image-loader-interface "~2.0.0"
    expo-permissions-interface "~2.0.0"
    invariant "^2.2.4"
    lodash.omit "^4.5.0"
    lodash.pick "^4.4.0"
    prop-types "^15.6.1"

expo-sensors-interface@~2.0.0:
  version "2.0.0"
  resolved "https://registry.yarnpkg.com/expo-sensors-interface/-/expo-sensors-interface-2.0.0.tgz#8b94051e1996dae8ef90a9dafc8d32dc7b3c0af3"
  integrity sha512-Lx5j4xeBxPHPxc1ySL3EZqr0PtJAdNaHu/uEj4OkrvWfE8QfyN/dS8j8x7vtdHZmwlBONWev2dL5Kpojzo7DEQ==
  dependencies:
    expo-core "~2.0.0"

expo-task-manager-interface@~1.0.0:
  version "1.0.0"
  resolved "https://registry.yarnpkg.com/expo-task-manager-interface/-/expo-task-manager-interface-1.0.0.tgz#898535ace8fca441cdd84ec8dd4b2ce1f29919e2"
  integrity sha512-ly+LK55Yyx/jFQN4ZQsRFFn5JGAczY6nPNMV1iTxxK7o6I1hv2ZO9DAzYQpU41VIoPNDsSO/5JAh0HWV44MlsA==
  dependencies:
    expo-core "~2.0.0"

invariant@^2.2.4:
  version "2.2.4"
  resolved "https://registry.yarnpkg.com/invariant/-/invariant-2.2.4.tgz#610f3c92c9359ce1db616e538008d23ff35158e6"
  integrity sha512-phJfQVBuaJM5raOpJjSfkiD6BpbCE4Ns//LaXl6wGYtUBY83nWS6Rf9tXm2e8VaK60JEjYldbPif/A2B1C2gNA==
  dependencies:
    loose-envify "^1.0.0"

"js-tokens@^3.0.0 || ^4.0.0":
  version "4.0.0"
  resolved "https://registry.yarnpkg.com/js-tokens/-/js-tokens-4.0.0.tgz#19203fb59991df98e3a287050d4647cdeaf32499"
  integrity sha512-RdJUflcE3cUzKiMqQgsCu06FPu9UdIJO0beYbPhHN4k6apgJtifcoCtT9bcxOpYBtpD2kCM6Sbzg4CausW/PKQ==

lodash.omit@^4.5.0:
  version "4.5.0"
  resolved "https://registry.yarnpkg.com/lodash.omit/-/lodash.omit-4.5.0.tgz#6eb19ae5a1ee1dd9df0b969e66ce0b7fa30b5e60"
  integrity sha1-brGa5aHuHdnfC5aeZs4Lf6MLXmA=

lodash.pick@^4.4.0:
  version "4.4.0"
  resolved "https://registry.yarnpkg.com/lodash.pick/-/lodash.pick-4.4.0.tgz#52f05610fff9ded422611441ed1fc123a03001b3"
  integrity sha1-UvBWEP/53tQiYRRB7R/BI6AwAbM=

loose-envify@^1.0.0:
  version "1.4.0"
  resolved "https://registry.yarnpkg.com/loose-envify/-/loose-envify-1.4.0.tgz#71ee51fa7be4caec1a63839f7e682d8132d30caf"
  integrity sha512-lyuxPGr/Wfhrlem2CL/UcnUc1zcqKAImBDzukY7Y5F/yQiNdko6+fRLevlw1HgMySw7f611UIY408EtxRSoK3Q==
  dependencies:
    js-tokens "^3.0.0 || ^4.0.0"

object-assign@^4.1.1:
  version "4.1.1"
  resolved "https://registry.yarnpkg.com/object-assign/-/object-assign-4.1.1.tgz#2109adc7965887cfc05cbbd442cac8bfbb360863"
  integrity sha1-IQmtx5ZYh8/AXLvUQsrIv7s2CGM=

path-browserify@^1.0.0:
  version "1.0.0"
  resolved "https://registry.yarnpkg.com/path-browserify/-/path-browserify-1.0.0.tgz#40702a97af46ae00b0ea6fa8998c0b03c0af160d"
  integrity sha512-Hkavx/nY4/plImrZPHRk2CL9vpOymZLgEbMNX1U0bjcBL7QN9wODxyx0yaMZURSQaUtSEvDrfAvxa9oPb0at9g==

prop-types@^15.6.1:
  version "15.7.1"
  resolved "https://registry.yarnpkg.com/prop-types/-/prop-types-15.7.1.tgz#2fa61e0a699d428b40320127733ee2931f05d9d1"
  integrity sha512-f8Lku2z9kERjOCcnDOPm68EBJAO2K00Q5mSgPAUE/gJuBgsYLbVy6owSrtcHj90zt8PvW+z0qaIIgsIhHOa1Qw==
  dependencies:
    object-assign "^4.1.1"
    react-is "^16.8.1"

querystringify@^2.0.0:
  version "2.1.0"
  resolved "https://registry.yarnpkg.com/querystringify/-/querystringify-2.1.0.tgz#7ded8dfbf7879dcc60d0a644ac6754b283ad17ef"
  integrity sha512-sluvZZ1YiTLD5jsqZcDmFyV2EwToyXZBfpoVOmktMmW+VEnhgakFHnasVph65fOjGPTWN0Nw3+XQaSeMayr0kg==

react-is@^16.8.1:
  version "16.8.1"
  resolved "https://registry.yarnpkg.com/react-is/-/react-is-16.8.1.tgz#a80141e246eb894824fb4f2901c0c50ef31d4cdb"
  integrity sha512-ioMCzVDWvCvKD8eeT+iukyWrBGrA3DiFYkXfBsVYIRdaREZuBjENG+KjrikavCLasozqRWTwFUagU/O4vPpRMA==

requires-port@^1.0.0:
  version "1.0.0"
  resolved "https://registry.yarnpkg.com/requires-port/-/requires-port-1.0.0.tgz#925d2601d39ac485e091cf0da5c6e694dc3dcaff"
  integrity sha1-kl0mAdOaxIXgkc8NpcbmlNw9yv8=

ua-parser-js@^0.7.19:
  version "0.7.19"
  resolved "https://registry.yarnpkg.com/ua-parser-js/-/ua-parser-js-0.7.19.tgz#94151be4c0a7fb1d001af7022fdaca4642659e4b"
  integrity sha512-T3PVJ6uz8i0HzPxOF9SWzWAlfN/DavlpQqepn22xgve/5QecC+XMCAtmUNnY7C9StehaV6exjUCI801lOI7QlQ==

url-parse@^1.4.4:
  version "1.4.4"
  resolved "https://registry.yarnpkg.com/url-parse/-/url-parse-1.4.4.tgz#cac1556e95faa0303691fec5cf9d5a1bc34648f8"
  integrity sha512-/92DTTorg4JjktLNLe6GPS2/RvAd/RGr6LuktmWSMLEOa6rjnlrFXNgSbSmkNvCoL2T028A0a1JaJLzRMlFoHg==
  dependencies:
    querystringify "^2.0.0"
    requires-port "^1.0.0"

uuid-js@^0.7.5:
  version "0.7.5"
  resolved "https://registry.yarnpkg.com/uuid-js/-/uuid-js-0.7.5.tgz#6c886d02a53d2d40dcf25d91a170b4a7b25b94d0"
  integrity sha1-bIhtAqU9LUDc8l2RoXC0p7JblNA=

uuid@^3.3.2:
  version "3.3.2"
  resolved "https://registry.yarnpkg.com/uuid/-/uuid-3.3.2.tgz#1b4af4955eb3077c501c23872fc6513811587131"
  integrity sha512-yXJmeNaw3DnnKAOKJE51sL/ZaYfWJRl1pK9dr19YFCu0ObS231AB1/LbqTKRAQ5kw8A90rA6fr4riOUpTZvQZA==
