# THIS IS AN AUTOGENERATED FILE. DO NOT EDIT THIS FILE DIRECTLY.
# yarn lockfile v1


"@unimodules/core@~2.0.0":
  version "2.0.0"
  resolved "https://registry.yarnpkg.com/@unimodules/core/-/core-2.0.0.tgz#6ce849c1452f68d360657e3a94a1cb4e8c4f4367"
  integrity sha512-Y9yYyALpPAFXJkOy8MZZJFvRTWtFCSUWqsPqazmSdZ7V/U6lnGFTBpGY2V749mIngo2Itae0msDsI1xeLI6IQA==
  dependencies:
    compare-versions "^3.4.0"

"@unimodules/react-native-adapter@~2.0.0":
  version "2.0.0"
  resolved "https://registry.yarnpkg.com/@unimodules/react-native-adapter/-/react-native-adapter-2.0.0.tgz#3951484d4d4911eb6361860299d75ddec6ae3c2a"
  integrity sha512-IcEECNw/bY2XBwZuSo/NY9cisy6XKIZ1V+czLO510CKDFzW+1/MpQOWHJGDa0KYPL4MPw29+Bs4oW1PP5NaY0A==
  dependencies:
    invariant "^2.2.4"
    lodash "^4.5.0"
    prop-types "^15.6.1"

ansi-styles@^3.2.1:
  version "3.2.1"
  resolved "https://registry.yarnpkg.com/ansi-styles/-/ansi-styles-3.2.1.tgz#41fbb20243e50b12be0f04b8dedbf07520ce841d"
  integrity sha512-VT0ZI6kZRdTh8YyJw3SMbYm/u+NqfsAxEpWO0Pf9sq8/e94WxxOpPKx9FR1FlyCtOVDNOQ+8ntlqFxiRc+r5qA==
  dependencies:
    color-convert "^1.9.0"

blueimp-md5@^2.10.0:
  version "2.10.0"
  resolved "https://registry.yarnpkg.com/blueimp-md5/-/blueimp-md5-2.10.0.tgz#02f0843921f90dca14f5b8920a38593201d6964d"
  integrity sha512-EkNUOi7tpV68TqjpiUz9D9NcT8um2+qtgntmMbi5UKssVX2m/2PLqotcric0RE63pB3HPN/fjf3cKHN2ufGSUQ==

chalk@^2.4.2:
  version "2.4.2"
  resolved "https://registry.yarnpkg.com/chalk/-/chalk-2.4.2.tgz#cd42541677a54333cf541a49108c1432b44c9424"
  integrity sha512-Mti+f9lpJNcwF4tWV8/OrTTtF1gZi+f8FqlyAdouralcFWFQWF2+NgCHShjkCb+IFBLq9buZwE1xckQU4peSuQ==
  dependencies:
    ansi-styles "^3.2.1"
    escape-string-regexp "^1.0.5"
    supports-color "^5.3.0"

color-convert@^1.9.0:
  version "1.9.3"
  resolved "https://registry.yarnpkg.com/color-convert/-/color-convert-1.9.3.tgz#bb71850690e1f136567de629d2d5471deda4c1e8"
  integrity sha512-QfAUtd+vFdAtFQcC8CCyYt1fYWxSqAiK2cSD6zDB8N3cpsEBAvRxp9zOGg6G/SHHJYAT88/az/IuDGALsNVbGg==
  dependencies:
    color-name "1.1.3"

color-name@1.1.3:
  version "1.1.3"
  resolved "https://registry.yarnpkg.com/color-name/-/color-name-1.1.3.tgz#a7d0558bd89c42f795dd42328f740831ca53bc25"
  integrity sha1-p9BVi9icQveV3UIyj3QIMcpTvCU=

compare-versions@^3.4.0:
  version "3.4.0"
  resolved "https://registry.yarnpkg.com/compare-versions/-/compare-versions-3.4.0.tgz#e0747df5c9cb7f054d6d3dc3e1dbc444f9e92b26"
  integrity sha512-tK69D7oNXXqUW3ZNo/z7NXTEz22TCF0pTE+YF9cxvaAM9XnkLo1fV621xCLrRR6aevJlKxExkss0vWqUCUpqdg==

escape-string-regexp@^1.0.5:
  version "1.0.5"
  resolved "https://registry.yarnpkg.com/escape-string-regexp/-/escape-string-regexp-1.0.5.tgz#1b61c0562190a8dff6ae3bb2cf0200ca130b86d4"
  integrity sha1-G2HAViGQqN/2rjuyzwIAyhMLhtQ=

expo-app-loader-provider@~5.0.0:
  version "5.0.0"
  resolved "https://registry.yarnpkg.com/expo-app-loader-provider/-/expo-app-loader-provider-5.0.0.tgz#2771320ffb6d2ba3cf14f8c7f053d47ee2a7d905"
  integrity sha512-yl6NDDlqA31QBQAp55X0V+1DQa8EuPoZm1JTf+yzpEysk3JdR4A+JkoLpeJlQGpH1b+8RLtwPQ5dNTE1drLNNw==

expo-asset@~5.0.0:
  version "5.0.0"
  resolved "https://registry.yarnpkg.com/expo-asset/-/expo-asset-5.0.0.tgz#1b1809ceb2413976f091c66ceb1e7cfbb266c94a"
  integrity sha512-aNNho9uD6lIbIS2EyvPWgJsgvxZbCsG3JTgQJFknJlpEAcFvs1I0k1R4g8suNpVXxLVjM8/ECJ+7aqhyrg86dw==
  dependencies:
    blueimp-md5 "^2.10.0"
    path-browserify "^1.0.0"
    url-parse "^1.4.4"

expo-constants@~5.0.0:
  version "5.0.0"
  resolved "https://registry.yarnpkg.com/expo-constants/-/expo-constants-5.0.0.tgz#acb52140ced5842be7b99de9021a9de7edfc1602"
  integrity sha512-KFy4dyZoAAbmdRF3JgeG5O3HhvmqOEqrVfh4rE7VxJH2DAZGiLMfAB7rXE6n+y9ozF9L9e/+RmVnSdmmG4UPfg==
  dependencies:
    ua-parser-js "^0.7.19"

expo-file-system@~5.0.0:
  version "5.0.0"
  resolved "https://registry.yarnpkg.com/expo-file-system/-/expo-file-system-5.0.0.tgz#a98a1e387df5fd808c89574e54d4b8bd356454e8"
  integrity sha512-YDk7Jn2VMEtMwWcPO94VipqPH5rbMdxaznnT0pe83fBtfvWAL1SZMS7IsHan5s6j/wvDdh9fVazS0aHEa7GusA==
  dependencies:
    uuid-js "^0.7.5"

expo-permissions@~5.0.0:
  version "5.0.0"
  resolved "https://registry.yarnpkg.com/expo-permissions/-/expo-permissions-5.0.0.tgz#ab6cf7666f7f54b06cf4d6737f61b36f258aa12a"
  integrity sha512-kBz4syNX0f+oxAuReimTuOxCTDMkypCvG9MyRdR7TfXhZ1Vyaal4L5uY0EIZBlV6N5Qe7qDdIuGKjHqb2O3G8A==

has-flag@^3.0.0:
  version "3.0.0"
  resolved "https://registry.yarnpkg.com/has-flag/-/has-flag-3.0.0.tgz#b5d454dc2199ae225699f3467e5a07f3b955bafd"
  integrity sha1-tdRU3CGZriJWmfNGfloH87lVuv0=

invariant@^2.2.4:
  version "2.2.4"
  resolved "https://registry.yarnpkg.com/invariant/-/invariant-2.2.4.tgz#610f3c92c9359ce1db616e538008d23ff35158e6"
  integrity sha512-phJfQVBuaJM5raOpJjSfkiD6BpbCE4Ns//LaXl6wGYtUBY83nWS6Rf9tXm2e8VaK60JEjYldbPif/A2B1C2gNA==
  dependencies:
    loose-envify "^1.0.0"

"js-tokens@^3.0.0 || ^4.0.0":
  version "4.0.0"
  resolved "https://registry.yarnpkg.com/js-tokens/-/js-tokens-4.0.0.tgz#19203fb59991df98e3a287050d4647cdeaf32499"
  integrity sha512-RdJUflcE3cUzKiMqQgsCu06FPu9UdIJO0beYbPhHN4k6apgJtifcoCtT9bcxOpYBtpD2kCM6Sbzg4CausW/PKQ==

lodash@^4.5.0:
  version "4.17.11"
  resolved "https://registry.yarnpkg.com/lodash/-/lodash-4.17.11.tgz#b39ea6229ef607ecd89e2c8df12536891cac9b8d"
  integrity sha512-cQKh8igo5QUhZ7lg38DYWAxMvjSAKG0A8wGSVimP07SIUEK2UO+arSRKbRZWtelMtN5V0Hkwh5ryOto/SshYIg==

loose-envify@^1.0.0:
  version "1.4.0"
  resolved "https://registry.yarnpkg.com/loose-envify/-/loose-envify-1.4.0.tgz#71ee51fa7be4caec1a63839f7e682d8132d30caf"
  integrity sha512-lyuxPGr/Wfhrlem2CL/UcnUc1zcqKAImBDzukY7Y5F/yQiNdko6+fRLevlw1HgMySw7f611UIY408EtxRSoK3Q==
  dependencies:
    js-tokens "^3.0.0 || ^4.0.0"

object-assign@^4.1.1:
  version "4.1.1"
  resolved "https://registry.yarnpkg.com/object-assign/-/object-assign-4.1.1.tgz#2109adc7965887cfc05cbbd442cac8bfbb360863"
  integrity sha1-IQmtx5ZYh8/AXLvUQsrIv7s2CGM=

path-browserify@^1.0.0:
  version "1.0.0"
  resolved "https://registry.yarnpkg.com/path-browserify/-/path-browserify-1.0.0.tgz#40702a97af46ae00b0ea6fa8998c0b03c0af160d"
  integrity sha512-Hkavx/nY4/plImrZPHRk2CL9vpOymZLgEbMNX1U0bjcBL7QN9wODxyx0yaMZURSQaUtSEvDrfAvxa9oPb0at9g==

prop-types@^15.6.1:
  version "15.7.1"
  resolved "https://registry.yarnpkg.com/prop-types/-/prop-types-15.7.1.tgz#2fa61e0a699d428b40320127733ee2931f05d9d1"
  integrity sha512-f8Lku2z9kERjOCcnDOPm68EBJAO2K00Q5mSgPAUE/gJuBgsYLbVy6owSrtcHj90zt8PvW+z0qaIIgsIhHOa1Qw==
  dependencies:
    object-assign "^4.1.1"
    react-is "^16.8.1"

querystringify@^2.0.0:
  version "2.1.0"
  resolved "https://registry.yarnpkg.com/querystringify/-/querystringify-2.1.0.tgz#7ded8dfbf7879dcc60d0a644ac6754b283ad17ef"
  integrity sha512-sluvZZ1YiTLD5jsqZcDmFyV2EwToyXZBfpoVOmktMmW+VEnhgakFHnasVph65fOjGPTWN0Nw3+XQaSeMayr0kg==

react-is@^16.8.1:
  version "16.8.1"
  resolved "https://registry.yarnpkg.com/react-is/-/react-is-16.8.1.tgz#a80141e246eb894824fb4f2901c0c50ef31d4cdb"
  integrity sha512-ioMCzVDWvCvKD8eeT+iukyWrBGrA3DiFYkXfBsVYIRdaREZuBjENG+KjrikavCLasozqRWTwFUagU/O4vPpRMA==

requires-port@^1.0.0:
  version "1.0.0"
  resolved "https://registry.yarnpkg.com/requires-port/-/requires-port-1.0.0.tgz#925d2601d39ac485e091cf0da5c6e694dc3dcaff"
  integrity sha1-kl0mAdOaxIXgkc8NpcbmlNw9yv8=

supports-color@^5.3.0:
  version "5.5.0"
  resolved "https://registry.yarnpkg.com/supports-color/-/supports-color-5.5.0.tgz#e2e69a44ac8772f78a1ec0b35b689df6530efc8f"
  integrity sha512-QjVjwdXIt408MIiAqCX4oUKsgU2EqAGzs2Ppkm4aQYbjm+ZEWEcW4SfFNTr4uMNZma0ey4f5lgLrkB0aX0QMow==
  dependencies:
    has-flag "^3.0.0"

ua-parser-js@^0.7.19:
  version "0.7.19"
  resolved "https://registry.yarnpkg.com/ua-parser-js/-/ua-parser-js-0.7.19.tgz#94151be4c0a7fb1d001af7022fdaca4642659e4b"
  integrity sha512-T3PVJ6uz8i0HzPxOF9SWzWAlfN/DavlpQqepn22xgve/5QecC+XMCAtmUNnY7C9StehaV6exjUCI801lOI7QlQ==

unimodules-barcode-scanner-interface@~2.0.0:
  version "2.0.0"
  resolved "https://registry.yarnpkg.com/unimodules-barcode-scanner-interface/-/unimodules-barcode-scanner-interface-2.0.0.tgz#17d6d8be52b12329c1885135e1b479da21ace990"
  integrity sha512-nVwFGeTfo87nTEJiyVp5D+WHFi1Zm7GhVLyZQChZhZ1nTO5dPrSctGeFnHde1AMLe6/x6CIJtvNGwgwMGSCsxA==

unimodules-camera-interface@~2.0.0:
  version "2.0.0"
  resolved "https://registry.yarnpkg.com/unimodules-camera-interface/-/unimodules-camera-interface-2.0.0.tgz#03764c3c435b315525ff8e7f8e8efc687489cfe8"
  integrity sha512-ZsDIBUu0bcQvtoYB6+iWTA14UyPqZRuVzbsZ6XdywdjMkqRu6LhbMEufmyi/xc6AJOs0QGOwXme1upDIERcePg==

unimodules-constants-interface@~2.0.0:
  version "2.0.0"
  resolved "https://registry.yarnpkg.com/unimodules-constants-interface/-/unimodules-constants-interface-2.0.0.tgz#fe00378e6eb7b4b2fc098b7388b12861022320b4"
  integrity sha512-fLTRcFWynlMrNq3B317QZt8HlLBzAGLcJwrvOChBR+CWtbufTAt4q4ukZWKauDtCHIxFnR0pwI/+emsErf2bkg==

unimodules-face-detector-interface@~2.0.0:
  version "2.0.0"
  resolved "https://registry.yarnpkg.com/unimodules-face-detector-interface/-/unimodules-face-detector-interface-2.0.0.tgz#cab137147596f79032519aca19e82934e09ac9b8"
  integrity sha512-S2fzZdX1UMNX2NW8ZhUIHjU9B8/frSo8quRGL/9Zmpju8oo94opWYNiptrpqCDSxfrFbTWz4hUx6KGzqp5Mx/A==

unimodules-file-system-interface@~2.0.0:
  version "2.0.0"
  resolved "https://registry.yarnpkg.com/unimodules-file-system-interface/-/unimodules-file-system-interface-2.0.0.tgz#eba7f94684b3e3ff0e7e7c94830a30133bbb40a6"
  integrity sha512-O4/D9OA8phuO54n0pV3dv5+YNP47V5PwhqjFvIYWH8LSnpl67VyDW9VH4Kf9oyTDiFoq0v3qpQg1QhwxUOe7hw==

unimodules-font-interface@~2.0.0:
  version "2.0.0"
  resolved "https://registry.yarnpkg.com/unimodules-font-interface/-/unimodules-font-interface-2.0.0.tgz#59a2e9771b1242dfda76e6af1f839af9e9b92929"
  integrity sha512-WELI3YG+/Qu7Ii/NyXuUx8FJhcyFRius7RLAWYbY4D9NgPdFFEV4LYnKbp6z3z6Ph0+4+HnWT+iynTbddrnb9Q==

unimodules-image-loader-interface@~2.0.0:
  version "2.0.0"
  resolved "https://registry.yarnpkg.com/unimodules-image-loader-interface/-/unimodules-image-loader-interface-2.0.0.tgz#54c72da9f8980df5155e428e3fc02e09c57fca8b"
  integrity sha512-JdD1JHRo448HM06IIFveAD8lnEFzjyOIAc86xhRpmsy4lUNLJhbTl6WbVv0xX40UN076I42FCwxbkZaiKFoSiQ==

unimodules-permissions-interface@~2.0.0:
  version "2.0.0"
  resolved "https://registry.yarnpkg.com/unimodules-permissions-interface/-/unimodules-permissions-interface-2.0.0.tgz#76a733f0df855d40980193870b1bd48a32df6700"
  integrity sha512-J58RZGvi6XiasjTpJSldeYz7Yp2JbjiXxvKB/ojKAPQ9LAN61XCtq3JHfjms3xTBLapAyxDcT2tPOTjF4T9dUA==

unimodules-sensors-interface@~2.0.0:
  version "2.0.0"
  resolved "https://registry.yarnpkg.com/unimodules-sensors-interface/-/unimodules-sensors-interface-2.0.0.tgz#4a55fcd8073908573b0e79a121e60771c8aaf8b0"
  integrity sha512-Yxwqp7j5P2e7Gc3hbPKKRdTEakta+xvivg4bUMROtOXGSmK2y8A9gffi9mqmdcxPRi96IOaHeoLDsQJPGIRR0w==

unimodules-task-manager-interface@~2.0.0:
  version "2.0.0"
  resolved "https://registry.yarnpkg.com/unimodules-task-manager-interface/-/unimodules-task-manager-interface-2.0.0.tgz#f37e607a8245ccc69af21996dfab63b36399da14"
  integrity sha512-YWwRYlfJsAqbpUPu9ybexZCzPsDkg/7s8h6u7Ht9gPV1SGRB3rt5FcAbCdXqj5mXSRCo/UqSb5+qwKzJsc8oDA==

url-parse@^1.4.4:
  version "1.4.4"
  resolved "https://registry.yarnpkg.com/url-parse/-/url-parse-1.4.4.tgz#cac1556e95faa0303691fec5cf9d5a1bc34648f8"
  integrity sha512-/92DTTorg4JjktLNLe6GPS2/RvAd/RGr6LuktmWSMLEOa6rjnlrFXNgSbSmkNvCoL2T028A0a1JaJLzRMlFoHg==
  dependencies:
    querystringify "^2.0.0"
    requires-port "^1.0.0"

uuid-js@^0.7.5:
  version "0.7.5"
  resolved "https://registry.yarnpkg.com/uuid-js/-/uuid-js-0.7.5.tgz#6c886d02a53d2d40dcf25d91a170b4a7b25b94d0"
  integrity sha1-bIhtAqU9LUDc8l2RoXC0p7JblNA=
