# THIS IS AN AUTOGENERATED FILE. DO NOT EDIT THIS FILE DIRECTLY.
# yarn lockfile v1


"@unimodules/core@~1.0.0":
  version "1.0.0"
  resolved "https://registry.yarnpkg.com/@unimodules/core/-/core-1.0.0.tgz#1d7e1c2fcc3d7b996339a8d5321ea0f149af94ed"
  integrity sha512-vITn6SLpeHzbao6kyv9yFjuLkADvZw7pMjEBeKIu2p5U3yd5PLj2PMOTpEPQCvEFswkVHoxXk25TXJoRHkwcOw==
  dependencies:
    compare-versions "^3.4.0"

"@unimodules/react-native-adapter@~1.0.0":
  version "1.0.0"
  resolved "https://registry.yarnpkg.com/@unimodules/react-native-adapter/-/react-native-adapter-1.0.0.tgz#e629bf42a3383768a780d25f38d33c0d1c27ecb7"
  integrity sha512-7o4P5kocGzaO5GLo1ysa+nGsSjMPQwkvqkaLuUR7eZFfOErAKrtj3WGhJgVIfH7VQFOvBIhitjqc/tQYhMDbJg==
  dependencies:
    invariant "^2.2.4"
    lodash.omit "^4.5.0"
    lodash.pick "^4.4.0"
    prop-types "^15.6.1"

ansi-styles@^3.2.1:
  version "3.2.1"
  resolved "https://registry.yarnpkg.com/ansi-styles/-/ansi-styles-3.2.1.tgz#41fbb20243e50b12be0f04b8dedbf07520ce841d"
  integrity sha512-VT0ZI6kZRdTh8YyJw3SMbYm/u+NqfsAxEpWO0Pf9sq8/e94WxxOpPKx9FR1FlyCtOVDNOQ+8ntlqFxiRc+r5qA==
  dependencies:
    color-convert "^1.9.0"

chalk@^2.4.2:
  version "2.4.2"
  resolved "https://registry.yarnpkg.com/chalk/-/chalk-2.4.2.tgz#cd42541677a54333cf541a49108c1432b44c9424"
  integrity sha512-Mti+f9lpJNcwF4tWV8/OrTTtF1gZi+f8FqlyAdouralcFWFQWF2+NgCHShjkCb+IFBLq9buZwE1xckQU4peSuQ==
  dependencies:
    ansi-styles "^3.2.1"
    escape-string-regexp "^1.0.5"
    supports-color "^5.3.0"

color-convert@^1.9.0:
  version "1.9.3"
  resolved "https://registry.yarnpkg.com/color-convert/-/color-convert-1.9.3.tgz#bb71850690e1f136567de629d2d5471deda4c1e8"
  integrity sha512-QfAUtd+vFdAtFQcC8CCyYt1fYWxSqAiK2cSD6zDB8N3cpsEBAvRxp9zOGg6G/SHHJYAT88/az/IuDGALsNVbGg==
  dependencies:
    color-name "1.1.3"

color-name@1.1.3:
  version "1.1.3"
  resolved "https://registry.yarnpkg.com/color-name/-/color-name-1.1.3.tgz#a7d0558bd89c42f795dd42328f740831ca53bc25"
  integrity sha1-p9BVi9icQveV3UIyj3QIMcpTvCU=

compare-versions@^3.4.0:
  version "3.4.0"
  resolved "https://registry.yarnpkg.com/compare-versions/-/compare-versions-3.4.0.tgz#e0747df5c9cb7f054d6d3dc3e1dbc444f9e92b26"
  integrity sha512-tK69D7oNXXqUW3ZNo/z7NXTEz22TCF0pTE+YF9cxvaAM9XnkLo1fV621xCLrRR6aevJlKxExkss0vWqUCUpqdg==

escape-string-regexp@^1.0.5:
  version "1.0.5"
  resolved "https://registry.yarnpkg.com/escape-string-regexp/-/escape-string-regexp-1.0.5.tgz#1b61c0562190a8dff6ae3bb2cf0200ca130b86d4"
  integrity sha1-G2HAViGQqN/2rjuyzwIAyhMLhtQ=

expo-asset@~4.0.0:
  version "4.0.0"
  resolved "https://registry.yarnpkg.com/expo-asset/-/expo-asset-4.0.0.tgz#41f8de836b0e1426dd4ae461cffbcaad0fdc4e15"
  integrity sha512-oFIaq1V3D23wos3Lc1+3ABAAbXTytVDCXF0lTSDNsCEGHk+rt2WUedD0FL+RNw+C4zG7aqxI6cPaDNc+4lyKdA==
  dependencies:
    path-browserify "^1.0.0"
    url-parse "^1.4.4"

expo-constants@~4.0.0:
  version "4.0.0"
  resolved "https://registry.yarnpkg.com/expo-constants/-/expo-constants-4.0.0.tgz#6c8d7cda32524ef7d13a9a5fcfd33638cf011622"
  integrity sha512-bMzEgPJ431up3gOA9+MToGU09qG1UrX1MG99xP1w6eRjIb3XX4Fp0jx2eF5AfsS5gosMb78gLShwhdMbcbR8Sw==
  dependencies:
    ua-parser-js "^0.7.19"

expo-file-system@~4.0.0:
  version "4.0.0"
  resolved "https://registry.yarnpkg.com/expo-file-system/-/expo-file-system-4.0.0.tgz#b9d2b7d70bfa0690213f7c291829825e916702ce"
  integrity sha512-t/DFoZ43AIjMUq06/ntK2+3gQwnfaJW1nmnAocCwccHh2Eo+Cer3qVMjJ5vcqmonkrcQ7Ycuv4hw/btqtVhCYQ==
  dependencies:
    uuid-js "^0.7.5"

expo-permissions@~4.0.0:
  version "4.0.0"
  resolved "https://registry.yarnpkg.com/expo-permissions/-/expo-permissions-4.0.0.tgz#288701e40ee10973deb40d3d965e84da6783cdc6"
  integrity sha512-OdO5qXnC1oU4bF3ItTatOEbeIGU1986OuT2bUO8dxu8/1ycc+s7w9ayOguFTFWGLINrKmjI7StDxl5KnaW6j3Q==

has-flag@^3.0.0:
  version "3.0.0"
  resolved "https://registry.yarnpkg.com/has-flag/-/has-flag-3.0.0.tgz#b5d454dc2199ae225699f3467e5a07f3b955bafd"
  integrity sha1-tdRU3CGZriJWmfNGfloH87lVuv0=

invariant@^2.2.4:
  version "2.2.4"
  resolved "https://registry.yarnpkg.com/invariant/-/invariant-2.2.4.tgz#610f3c92c9359ce1db616e538008d23ff35158e6"
  integrity sha512-phJfQVBuaJM5raOpJjSfkiD6BpbCE4Ns//LaXl6wGYtUBY83nWS6Rf9tXm2e8VaK60JEjYldbPif/A2B1C2gNA==
  dependencies:
    loose-envify "^1.0.0"

"js-tokens@^3.0.0 || ^4.0.0":
  version "4.0.0"
  resolved "https://registry.yarnpkg.com/js-tokens/-/js-tokens-4.0.0.tgz#19203fb59991df98e3a287050d4647cdeaf32499"
  integrity sha512-RdJUflcE3cUzKiMqQgsCu06FPu9UdIJO0beYbPhHN4k6apgJtifcoCtT9bcxOpYBtpD2kCM6Sbzg4CausW/PKQ==

lodash.omit@^4.5.0:
  version "4.5.0"
  resolved "https://registry.yarnpkg.com/lodash.omit/-/lodash.omit-4.5.0.tgz#6eb19ae5a1ee1dd9df0b969e66ce0b7fa30b5e60"
  integrity sha1-brGa5aHuHdnfC5aeZs4Lf6MLXmA=

lodash.pick@^4.4.0:
  version "4.4.0"
  resolved "https://registry.yarnpkg.com/lodash.pick/-/lodash.pick-4.4.0.tgz#52f05610fff9ded422611441ed1fc123a03001b3"
  integrity sha1-UvBWEP/53tQiYRRB7R/BI6AwAbM=

loose-envify@^1.0.0:
  version "1.4.0"
  resolved "https://registry.yarnpkg.com/loose-envify/-/loose-envify-1.4.0.tgz#71ee51fa7be4caec1a63839f7e682d8132d30caf"
  integrity sha512-lyuxPGr/Wfhrlem2CL/UcnUc1zcqKAImBDzukY7Y5F/yQiNdko6+fRLevlw1HgMySw7f611UIY408EtxRSoK3Q==
  dependencies:
    js-tokens "^3.0.0 || ^4.0.0"

object-assign@^4.1.1:
  version "4.1.1"
  resolved "https://registry.yarnpkg.com/object-assign/-/object-assign-4.1.1.tgz#2109adc7965887cfc05cbbd442cac8bfbb360863"
  integrity sha1-IQmtx5ZYh8/AXLvUQsrIv7s2CGM=

path-browserify@^1.0.0:
  version "1.0.0"
  resolved "https://registry.yarnpkg.com/path-browserify/-/path-browserify-1.0.0.tgz#40702a97af46ae00b0ea6fa8998c0b03c0af160d"
  integrity sha512-Hkavx/nY4/plImrZPHRk2CL9vpOymZLgEbMNX1U0bjcBL7QN9wODxyx0yaMZURSQaUtSEvDrfAvxa9oPb0at9g==

prop-types@^15.6.1:
  version "15.7.1"
  resolved "https://registry.yarnpkg.com/prop-types/-/prop-types-15.7.1.tgz#2fa61e0a699d428b40320127733ee2931f05d9d1"
  integrity sha512-f8Lku2z9kERjOCcnDOPm68EBJAO2K00Q5mSgPAUE/gJuBgsYLbVy6owSrtcHj90zt8PvW+z0qaIIgsIhHOa1Qw==
  dependencies:
    object-assign "^4.1.1"
    react-is "^16.8.1"

querystringify@^2.0.0:
  version "2.1.0"
  resolved "https://registry.yarnpkg.com/querystringify/-/querystringify-2.1.0.tgz#7ded8dfbf7879dcc60d0a644ac6754b283ad17ef"
  integrity sha512-sluvZZ1YiTLD5jsqZcDmFyV2EwToyXZBfpoVOmktMmW+VEnhgakFHnasVph65fOjGPTWN0Nw3+XQaSeMayr0kg==

react-is@^16.8.1:
  version "16.8.1"
  resolved "https://registry.yarnpkg.com/react-is/-/react-is-16.8.1.tgz#a80141e246eb894824fb4f2901c0c50ef31d4cdb"
  integrity sha512-ioMCzVDWvCvKD8eeT+iukyWrBGrA3DiFYkXfBsVYIRdaREZuBjENG+KjrikavCLasozqRWTwFUagU/O4vPpRMA==

requires-port@^1.0.0:
  version "1.0.0"
  resolved "https://registry.yarnpkg.com/requires-port/-/requires-port-1.0.0.tgz#925d2601d39ac485e091cf0da5c6e694dc3dcaff"
  integrity sha1-kl0mAdOaxIXgkc8NpcbmlNw9yv8=

supports-color@^5.3.0:
  version "5.5.0"
  resolved "https://registry.yarnpkg.com/supports-color/-/supports-color-5.5.0.tgz#e2e69a44ac8772f78a1ec0b35b689df6530efc8f"
  integrity sha512-QjVjwdXIt408MIiAqCX4oUKsgU2EqAGzs2Ppkm4aQYbjm+ZEWEcW4SfFNTr4uMNZma0ey4f5lgLrkB0aX0QMow==
  dependencies:
    has-flag "^3.0.0"

ua-parser-js@^0.7.19:
  version "0.7.19"
  resolved "https://registry.yarnpkg.com/ua-parser-js/-/ua-parser-js-0.7.19.tgz#94151be4c0a7fb1d001af7022fdaca4642659e4b"
  integrity sha512-T3PVJ6uz8i0HzPxOF9SWzWAlfN/DavlpQqepn22xgve/5QecC+XMCAtmUNnY7C9StehaV6exjUCI801lOI7QlQ==

unimodules-barcode-scanner-interface@~1.0.0:
  version "1.0.0"
  resolved "https://registry.yarnpkg.com/unimodules-barcode-scanner-interface/-/unimodules-barcode-scanner-interface-1.0.0.tgz#2847f080fbe7aaafd17aa7941472d85aaa1dfda9"
  integrity sha512-7kYof5jsr0ur9NwQuqu5Hzf69F+/p5TbtSy02sHyOu81nHVUt0Ewr4V8babcgMhl9Wf9uYmAplrh53UsMmtySw==

unimodules-camera-interface@~1.0.0:
  version "1.0.0"
  resolved "https://registry.yarnpkg.com/unimodules-camera-interface/-/unimodules-camera-interface-1.0.0.tgz#63dcfdb63d6bbdff6b9be4c5fcdedccac7f0f14a"
  integrity sha512-AFPOxe8KFroYnkC8lqlKx2NpGvnOM+LTBLuTFtFOUOx6aBCVZerBqY1X6bLBQAdo3MJw9aaJU2lb6EtE0TychQ==

unimodules-constants-interface@~1.0.0:
  version "1.0.0"
  resolved "https://registry.yarnpkg.com/unimodules-constants-interface/-/unimodules-constants-interface-1.0.0.tgz#b92e2865d11532a57a32db5da6ad596a66427ab5"
  integrity sha512-iTMKEqFWWaxoV6rjP3hLdH2/7psDI1Fz++YXNK+TXR0/dk73Sy7gqbm9rbwAqJN4potHpatPFprStY+Pgmy3qA==

unimodules-face-detector-interface@~1.0.0:
  version "1.0.0"
  resolved "https://registry.yarnpkg.com/unimodules-face-detector-interface/-/unimodules-face-detector-interface-1.0.0.tgz#20894e24cc01749f68b1b8ff69ad8dc026380a39"
  integrity sha512-sSBqU52ZAw2UK9Gh2wd4dfK8aX58BQabewZjJ7zMDAf2PV1vzGZb9b43Rn9j4B8m2KXd1UBE1PLrGvZc1i5qLA==

unimodules-file-system-interface@~1.0.0:
  version "1.0.0"
  resolved "https://registry.yarnpkg.com/unimodules-file-system-interface/-/unimodules-file-system-interface-1.0.0.tgz#7f36832a5867c180a73adf16bac3780d51e80fdd"
  integrity sha512-d8ymqi1i+XYARJ512vM4I74F51X8b8Xf4boiMpKVkkdu6ZSxGcyYRiKSuvBrjHYXoAKFaYDlFtSPfGrBuq7VPA==

unimodules-font-interface@~1.0.0:
  version "1.0.0"
  resolved "https://registry.yarnpkg.com/unimodules-font-interface/-/unimodules-font-interface-1.0.0.tgz#8651d25f6072ef613136948b51561813c5ed177b"
  integrity sha512-pPxBDM3eVMUc2Jf0aF+Z42Lax9+s6hhJk+cSdNhYXtXXI1uTkEnacCGSUouiTXtUctOen77ETOvuWOEV4Euusg==

unimodules-image-loader-interface@~1.0.0:
  version "1.0.0"
  resolved "https://registry.yarnpkg.com/unimodules-image-loader-interface/-/unimodules-image-loader-interface-1.0.0.tgz#3fbcd95340d0ff69e6d614afa1d0e1e6beda3162"
  integrity sha512-w6sILa8zxXgj1BPzNMZjbjhiuIfvBPHhojNKUK+HyrG12VpQz/NLvozzag5YAgpODwgMw+7wyfF5RX1MjEKCoA==

unimodules-permissions-interface@~1.0.0:
  version "1.0.0"
  resolved "https://registry.yarnpkg.com/unimodules-permissions-interface/-/unimodules-permissions-interface-1.0.0.tgz#2e4581a8bb4a2e8c5b57a9c18016dfefb7e3738c"
  integrity sha512-fPc8tmhU4y0ohnZeFOm8BkRabA46eXnELyWIHs0XXNOUrwnlK7KU4pfK7xw6bVuC3Tdu67eQkr3B1y6AMQBxAg==

unimodules-sensors-interface@~1.0.0:
  version "1.0.0"
  resolved "https://registry.yarnpkg.com/unimodules-sensors-interface/-/unimodules-sensors-interface-1.0.0.tgz#bb37720b56cb505e1035e0aa835aff2ed7008c7a"
  integrity sha512-TgeQIQ3NKEn5x0VuPcbWT96uWW2uz9Tseuu+HagjC2/ybryD5SqifvbjFxF9st2dmHxhADyvFndvpWeFBOs0Ag==

unimodules-task-manager-interface@~1.0.0:
  version "1.0.0"
  resolved "https://registry.yarnpkg.com/unimodules-task-manager-interface/-/unimodules-task-manager-interface-1.0.0.tgz#d93b2329dc96bb72b77d7de9d7b1c34efd85fc5b"
  integrity sha512-Bsl4d6MaDX+ff57TUk6uxN91ic/1lygTOstS8iIpzmBunh99Fq3X3LZlPVrrEZOSYTGkyHiYlusX83HLmuGzeg==

url-parse@^1.4.4:
  version "1.4.4"
  resolved "https://registry.yarnpkg.com/url-parse/-/url-parse-1.4.4.tgz#cac1556e95faa0303691fec5cf9d5a1bc34648f8"
  integrity sha512-/92DTTorg4JjktLNLe6GPS2/RvAd/RGr6LuktmWSMLEOa6rjnlrFXNgSbSmkNvCoL2T028A0a1JaJLzRMlFoHg==
  dependencies:
    querystringify "^2.0.0"
    requires-port "^1.0.0"

uuid-js@^0.7.5:
  version "0.7.5"
  resolved "https://registry.yarnpkg.com/uuid-js/-/uuid-js-0.7.5.tgz#6c886d02a53d2d40dcf25d91a170b4a7b25b94d0"
  integrity sha1-bIhtAqU9LUDc8l2RoXC0p7JblNA=
